
Microsoft Visual Studio Solution File, Format Version 12.00
# Visual Studio Version 17
VisualStudioVersion = 17.8.34309.116
MinimumVisualStudioVersion = 10.0.40219.1
Project("{FAE04EC0-301F-11D3-BF4B-00C04F79EFBC}") = "PractWork4", "PractWork4\PractWork4.csproj", "{645F5883-BDF4-490E-B646-17F8FFBC5D55}"
EndProject
Global
	GlobalSection(SolutionConfigurationPlatforms) = preSolution
		Debug|Any CPU = Debug|Any CPU
		Release|Any CPU = Release|Any CPU
	EndGlobalSection
	GlobalSection(ProjectConfigurationPlatforms) = postSolution
		{645F5883-BDF4-490E-B646-17F8FFBC5D55}.Debug|Any CPU.ActiveCfg = Debug|Any CPU
		{645F5883-BDF4-490E-B646-17F8FFBC5D55}.Debug|Any CPU.Build.0 = Debug|Any CPU
		{645F5883-BDF4-490E-B646-17F8FFBC5D55}.Release|Any CPU.ActiveCfg = Release|Any CPU
		{645F5883-BDF4-490E-B646-17F8FFBC5D55}.Release|Any CPU.Build.0 = Release|Any CPU
	EndGlobalSection
	GlobalSection(SolutionProperties) = preSolution
		HideSolutionNode = FALSE
	EndGlobalSection
	GlobalSection(ExtensibilityGlobals) = postSolution
		SolutionGuid = {3FFEC23A-780A-401D-9A52-415698446950}
	EndGlobalSection
EndGlobal
